
Microsoft Visual Studio Solution File, Format Version 12.00
# Visual Studio 15
VisualStudioVersion = 15.0.26730.15
MinimumVisualStudioVersion = 10.0.40219.1
Project("{FAE04EC0-301F-11D3-BF4B-00C04F79EFBC}") = "ShoppingCart", "ShoppingCart\ShoppingCart.csproj", "{DFECAE60-899B-4A19-ADCB-B8DDA67F846F}"
EndProject
Global
	GlobalSection(SolutionConfigurationPlatforms) = preSolution
		Debug|Any CPU = Debug|Any CPU
		Release|Any CPU = Release|Any CPU
	EndGlobalSection
	GlobalSection(ProjectConfigurationPlatforms) = postSolution
		{DFECAE60-899B-4A19-ADCB-B8DDA67F846F}.Debug|Any CPU.ActiveCfg = Debug|Any CPU
		{DFECAE60-899B-4A19-ADCB-B8DDA67F846F}.Debug|Any CPU.Build.0 = Debug|Any CPU
		{DFECAE60-899B-4A19-ADCB-B8DDA67F846F}.Release|Any CPU.ActiveCfg = Release|Any CPU
		{DFECAE60-899B-4A19-ADCB-B8DDA67F846F}.Release|Any CPU.Build.0 = Release|Any CPU
	EndGlobalSection
	GlobalSection(SolutionProperties) = preSolution
		HideSolutionNode = FALSE
	EndGlobalSection
	GlobalSection(ExtensibilityGlobals) = postSolution
		SolutionGuid = {8BC0B847-7BFD-4F0F-9DEE-C220352F45E5}
	EndGlobalSection
EndGlobal
